// !$*UTF8*$!
{
	archiveVersion = 1;
	classes = {
	};
	objectVersion = 55;
	objects = {

/* Begin PBXBuildFile section */
		37945D592AF79CB600BDD522 /* TableViewCellWithSwitch.swift in Sources */ = {isa = PBXBuildFile; fileRef = 37945D582AF79CB600BDD522 /* TableViewCellWithSwitch.swift */; };
		37945D5B2AF7A6AC00BDD522 /* TableViewCellWithText.swift in Sources */ = {isa = PBXBuildFile; fileRef = 37945D5A2AF7A6AC00BDD522 /* TableViewCellWithText.swift */; };
		37D54C072AF641E500A0DA18 /* AppDelegate.swift in Sources */ = {isa = PBXBuildFile; fileRef = 37D54C062AF641E500A0DA18 /* AppDelegate.swift */; };
		37D54C092AF641E500A0DA18 /* SceneDelegate.swift in Sources */ = {isa = PBXBuildFile; fileRef = 37D54C082AF641E500A0DA18 /* SceneDelegate.swift */; };
		37D54C0E2AF641E500A0DA18 /* Main.storyboard in Resources */ = {isa = PBXBuildFile; fileRef = 37D54C0C2AF641E500A0DA18 /* Main.storyboard */; };
		37D54C102AF641E600A0DA18 /* Assets.xcassets in Resources */ = {isa = PBXBuildFile; fileRef = 37D54C0F2AF641E600A0DA18 /* Assets.xcassets */; };
		37D54C132AF641E600A0DA18 /* LaunchScreen.storyboard in Resources */ = {isa = PBXBuildFile; fileRef = 37D54C112AF641E600A0DA18 /* LaunchScreen.storyboard */; };
		37D54C1B2AF6443A00A0DA18 /* TableViewController.swift in Sources */ = {isa = PBXBuildFile; fileRef = 37D54C1A2AF6443A00A0DA18 /* TableViewController.swift */; };
		37D54C1E2AF6448E00A0DA18 /* SnapKit in Frameworks */ = {isa = PBXBuildFile; productRef = 37D54C1D2AF6448E00A0DA18 /* SnapKit */; };
		37D54C202AF647E000A0DA18 /* CustomTableViewCell.swift in Sources */ = {isa = PBXBuildFile; fileRef = 37D54C1F2AF647E000A0DA18 /* CustomTableViewCell.swift */; };
		37D54C222AF6717F00A0DA18 /* Models.swift in Sources */ = {isa = PBXBuildFile; fileRef = 37D54C212AF6717F00A0DA18 /* Models.swift */; };
/* End PBXBuildFile section */

/* Begin PBXFileReference section */
		37945D582AF79CB600BDD522 /* TableViewCellWithSwitch.swift */ = {isa = PBXFileReference; lastKnownFileType = sourcecode.swift; path = TableViewCellWithSwitch.swift; sourceTree = "<group>"; };
		37945D5A2AF7A6AC00BDD522 /* TableViewCellWithText.swift */ = {isa = PBXFileReference; lastKnownFileType = sourcecode.swift; path = TableViewCellWithText.swift; sourceTree = "<group>"; };
		37D54C032AF641E500A0DA18 /* Setting iOS.app */ = {isa = PBXFileReference; explicitFileType = wrapper.application; includeInIndex = 0; path = "Setting iOS.app"; sourceTree = BUILT_PRODUCTS_DIR; };
		37D54C062AF641E500A0DA18 /* AppDelegate.swift */ = {isa = PBXFileReference; lastKnownFileType = sourcecode.swift; path = AppDelegate.swift; sourceTree = "<group>"; };
		37D54C082AF641E500A0DA18 /* SceneDelegate.swift */ = {isa = PBXFileReference; lastKnownFileType = sourcecode.swift; path = SceneDelegate.swift; sourceTree = "<group>"; };
		37D54C0D2AF641E500A0DA18 /* Base */ = {isa = PBXFileReference; lastKnownFileType = file.storyboard; name = Base; path = Base.lproj/Main.storyboard; sourceTree = "<group>"; };
		37D54C0F2AF641E600A0DA18 /* Assets.xcassets */ = {isa = PBXFileReference; lastKnownFileType = folder.assetcatalog; path = Assets.xcassets; sourceTree = "<group>"; };
		37D54C122AF641E600A0DA18 /* Base */ = {isa = PBXFileReference; lastKnownFileType = file.storyboard; name = Base; path = Base.lproj/LaunchScreen.storyboard; sourceTree = "<group>"; };
		37D54C142AF641E600A0DA18 /* Info.plist */ = {isa = PBXFileReference; lastKnownFileType = text.plist.xml; path = Info.plist; sourceTree = "<group>"; };
		37D54C1A2AF6443A00A0DA18 /* TableViewController.swift */ = {isa = PBXFileReference; lastKnownFileType = sourcecode.swift; path = TableViewController.swift; sourceTree = "<group>"; };
		37D54C1F2AF647E000A0DA18 /* CustomTableViewCell.swift */ = {isa = PBXFileReference; lastKnownFileType = sourcecode.swift; path = CustomTableViewCell.swift; sourceTree = "<group>"; };
		37D54C212AF6717F00A0DA18 /* Models.swift */ = {isa = PBXFileReference; lastKnownFileType = sourcecode.swift; path = Models.swift; sourceTree = "<group>"; };
/* End PBXFileReference section */

/* Begin PBXFrameworksBuildPhase section */
		37D54C002AF641E500A0DA18 /* Frameworks */ = {
			isa = PBXFrameworksBuildPhase;
			buildActionMask = 2147483647;
			files = (
				37D54C1E2AF6448E00A0DA18 /* SnapKit in Frameworks */,
			);
			runOnlyForDeploymentPostprocessing = 0;
		};
/* End PBXFrameworksBuildPhase section */

/* Begin PBXGroup section */
		37D54BFA2AF641E500A0DA18 = {
			isa = PBXGroup;
			children = (
				37D54C052AF641E500A0DA18 /* Setting iOS */,
				37D54C042AF641E500A0DA18 /* Products */,
			);
			sourceTree = "<group>";
		};
		37D54C042AF641E500A0DA18 /* Products */ = {
			isa = PBXGroup;
			children = (
				37D54C032AF641E500A0DA18 /* Setting iOS.app */,
			);
			name = Products;
			sourceTree = "<group>";
		};
		37D54C052AF641E500A0DA18 /* Setting iOS */ = {
			isa = PBXGroup;
			children = (
				37D54C062AF641E500A0DA18 /* AppDelegate.swift */,
				37D54C082AF641E500A0DA18 /* SceneDelegate.swift */,
				37D54C1A2AF6443A00A0DA18 /* TableViewController.swift */,
				37D54C1F2AF647E000A0DA18 /* CustomTableViewCell.swift */,
				37945D582AF79CB600BDD522 /* TableViewCellWithSwitch.swift */,
				37945D5A2AF7A6AC00BDD522 /* TableViewCellWithText.swift */,
				37D54C212AF6717F00A0DA18 /* Models.swift */,
				37D54C0F2AF641E600A0DA18 /* Assets.xcassets */,
				37D54C142AF641E600A0DA18 /* Info.plist */,
				37D54C0C2AF641E500A0DA18 /* Main.storyboard */,
				37D54C112AF641E600A0DA18 /* LaunchScreen.storyboard */,
			);
			path = "Setting iOS";
			sourceTree = "<group>";
		};
/* End PBXGroup section */

/* Begin PBXNativeTarget section */
		37D54C022AF641E500A0DA18 /* Setting iOS */ = {
			isa = PBXNativeTarget;
			buildConfigurationList = 37D54C172AF641E600A0DA18 /* Build configuration list for PBXNativeTarget "Setting iOS" */;
			buildPhases = (
				37D54BFF2AF641E500A0DA18 /* Sources */,
				37D54C002AF641E500A0DA18 /* Frameworks */,
				37D54C012AF641E500A0DA18 /* Resources */,
			);
			buildRules = (
			);
			dependencies = (
			);
			name = "Setting iOS";
			packageProductDependencies = (
				37D54C1D2AF6448E00A0DA18 /* SnapKit */,
			);
			productName = "Setting iOS";
			productReference = 37D54C032AF641E500A0DA18 /* Setting iOS.app */;
			productType = "com.apple.product-type.application";
		};
/* End PBXNativeTarget section */

/* Begin PBXProject section */
		37D54BFB2AF641E500A0DA18 /* Project object */ = {
			isa = PBXProject;
			attributes = {
				BuildIndependentTargetsInParallel = 1;
				LastSwiftUpdateCheck = 1330;
				LastUpgradeCheck = 1330;
				TargetAttributes = {
					37D54C022AF641E500A0DA18 = {
						CreatedOnToolsVersion = 13.3;
					};
				};
			};
			buildConfigurationList = 37D54BFE2AF641E500A0DA18 /* Build configuration list for PBXProject "Setting iOS" */;
			compatibilityVersion = "Xcode 13.0";
			developmentRegion = en;
			hasScannedForEncodings = 0;
			knownRegions = (
				en,
				Base,
			);
			mainGroup = 37D54BFA2AF641E500A0DA18;
			packageReferences = (
				37D54C1C2AF6448E00A0DA18 /* XCRemoteSwiftPackageReference "SnapKit" */,
			);
			productRefGroup = 37D54C042AF641E500A0DA18 /* Products */;
			projectDirPath = "";
			projectRoot = "";
			targets = (
				37D54C022AF641E500A0DA18 /* Setting iOS */,
			);
		};
/* End PBXProject section */

/* Begin PBXResourcesBuildPhase section */
		37D54C012AF641E500A0DA18 /* Resources */ = {
			isa = PBXResourcesBuildPhase;
			buildActionMask = 2147483647;
			files = (
				37D54C132AF641E600A0DA18 /* LaunchScreen.storyboard in Resources */,
				37D54C102AF641E600A0DA18 /* Assets.xcassets in Resources */,
				37D54C0E2AF641E500A0DA18 /* Main.storyboard in Resources */,
			);
			runOnlyForDeploymentPostprocessing = 0;
		};
/* End PBXResourcesBuildPhase section */

/* Begin PBXSourcesBuildPhase section */
		37D54BFF2AF641E500A0DA18 /* Sources */ = {
			isa = PBXSourcesBuildPhase;
			buildActionMask = 2147483647;
			files = (
				37D54C202AF647E000A0DA18 /* CustomTableViewCell.swift in Sources */,
				37945D5B2AF7A6AC00BDD522 /* TableViewCellWithText.swift in Sources */,
				37D54C072AF641E500A0DA18 /* AppDelegate.swift in Sources */,
				37D54C092AF641E500A0DA18 /* SceneDelegate.swift in Sources */,
				37D54C1B2AF6443A00A0DA18 /* TableViewController.swift in Sources */,
				37D54C222AF6717F00A0DA18 /* Models.swift in Sources */,
				37945D592AF79CB600BDD522 /* TableViewCellWithSwitch.swift in Sources */,
			);
			runOnlyForDeploymentPostprocessing = 0;
		};
/* End PBXSourcesBuildPhase section */

/* Begin PBXVariantGroup section */
		37D54C0C2AF641E500A0DA18 /* Main.storyboard */ = {
			isa = PBXVariantGroup;
			children = (
				37D54C0D2AF641E500A0DA18 /* Base */,
			);
			name = Main.storyboard;
			sourceTree = "<group>";
		};
		37D54C112AF641E600A0DA18 /* LaunchScreen.storyboard */ = {
			isa = PBXVariantGroup;
			children = (
				37D54C122AF641E600A0DA18 /* Base */,
			);
			name = LaunchScreen.storyboard;
			sourceTree = "<group>";
		};
/* End PBXVariantGroup section */

/* Begin XCBuildConfiguration section */
		37D54C152AF641E600A0DA18 /* Debug */ = {
			isa = XCBuildConfiguration;
			buildSettings = {
				ALWAYS_SEARCH_USER_PATHS = NO;
				CLANG_ANALYZER_NONNULL = YES;
				CLANG_ANALYZER_NUMBER_OBJECT_CONVERSION = YES_AGGRESSIVE;
				CLANG_CXX_LANGUAGE_STANDARD = "gnu++17";
				CLANG_ENABLE_MODULES = YES;
				CLANG_ENABLE_OBJC_ARC = YES;
				CLANG_ENABLE_OBJC_WEAK = YES;
				CLANG_WARN_BLOCK_CAPTURE_AUTORELEASING = YES;
				CLANG_WARN_BOOL_CONVERSION = YES;
				CLANG_WARN_COMMA = YES;
				CLANG_WARN_CONSTANT_CONVERSION = YES;
				CLANG_WARN_DEPRECATED_OBJC_IMPLEMENTATIONS = YES;
				CLANG_WARN_DIRECT_OBJC_ISA_USAGE = YES_ERROR;
				CLANG_WARN_DOCUMENTATION_COMMENTS = YES;
				CLANG_WARN_EMPTY_BODY = YES;
				CLANG_WARN_ENUM_CONVERSION = YES;
				CLANG_WARN_INFINITE_RECURSION = YES;
				CLANG_WARN_INT_CONVERSION = YES;
				CLANG_WARN_NON_LITERAL_NULL_CONVERSION = YES;
				CLANG_WARN_OBJC_IMPLICIT_RETAIN_SELF = YES;
				CLANG_WARN_OBJC_LITERAL_CONVERSION = YES;
				CLANG_WARN_OBJC_ROOT_CLASS = YES_ERROR;
				CLANG_WARN_QUOTED_INCLUDE_IN_FRAMEWORK_HEADER = YES;
				CLANG_WARN_RANGE_LOOP_ANALYSIS = YES;
				CLANG_WARN_STRICT_PROTOTYPES = YES;
				CLANG_WARN_SUSPICIOUS_MOVE = YES;
				CLANG_WARN_UNGUARDED_AVAILABILITY = YES_AGGRESSIVE;
				CLANG_WARN_UNREACHABLE_CODE = YES;
				CLANG_WARN__DUPLICATE_METHOD_MATCH = YES;
				COPY_PHASE_STRIP = NO;
				DEBUG_INFORMATION_FORMAT = dwarf;
				ENABLE_STRICT_OBJC_MSGSEND = YES;
				ENABLE_TESTABILITY = YES;
				GCC_C_LANGUAGE_STANDARD = gnu11;
				GCC_DYNAMIC_NO_PIC = NO;
				GCC_NO_COMMON_BLOCKS = YES;
				GCC_OPTIMIZATION_LEVEL = 0;
				GCC_PREPROCESSOR_DEFINITIONS = (
					"DEBUG=1",
					"$(inherited)",
				);
				GCC_WARN_64_TO_32_BIT_CONVERSION = YES;
				GCC_WARN_ABOUT_RETURN_TYPE = YES_ERROR;
				GCC_WARN_UNDECLARED_SELECTOR = YES;
				GCC_WARN_UNINITIALIZED_AUTOS = YES_AGGRESSIVE;
				GCC_WARN_UNUSED_FUNCTION = YES;
				GCC_WARN_UNUSED_VARIABLE = YES;
				IPHONEOS_DEPLOYMENT_TARGET = 14.0;
				MTL_ENABLE_DEBUG_INFO = INCLUDE_SOURCE;
				MTL_FAST_MATH = YES;
				ONLY_ACTIVE_ARCH = YES;
				SDKROOT = iphoneos;
				SWIFT_ACTIVE_COMPILATION_CONDITIONS = DEBUG;
				SWIFT_OPTIMIZATION_LEVEL = "-Onone";
			};
			name = Debug;
		};
		37D54C162AF641E600A0DA18 /* Release */ = {
			isa = XCBuildConfiguration;
			buildSettings = {
				ALWAYS_SEARCH_USER_PATHS = NO;
				CLANG_ANALYZER_NONNULL = YES;
				CLANG_ANALYZER_NUMBER_OBJECT_CONVERSION = YES_AGGRESSIVE;
				CLANG_CXX_LANGUAGE_STANDARD = "gnu++17";
				CLANG_ENABLE_MODULES = YES;
				CLANG_ENABLE_OBJC_ARC = YES;
				CLANG_ENABLE_OBJC_WEAK = YES;
				CLANG_WARN_BLOCK_CAPTURE_AUTORELEASING = YES;
				CLANG_WARN_BOOL_CONVERSION = YES;
				CLANG_WARN_COMMA = YES;
				CLANG_WARN_CONSTANT_CONVERSION = YES;
				CLANG_WARN_DEPRECATED_OBJC_IMPLEMENTATIONS = YES;
				CLANG_WARN_DIRECT_OBJC_ISA_USAGE = YES_ERROR;
				CLANG_WARN_DOCUMENTATION_COMMENTS = YES;
				CLANG_WARN_EMPTY_BODY = YES;
				CLANG_WARN_ENUM_CONVERSION = YES;
				CLANG_WARN_INFINITE_RECURSION = YES;
				CLANG_WARN_INT_CONVERSION = YES;
				CLANG_WARN_NON_LITERAL_NULL_CONVERSION = YES;
				CLANG_WARN_OBJC_IMPLICIT_RETAIN_SELF = YES;
				CLANG_WARN_OBJC_LITERAL_CONVERSION = YES;
				CLANG_WARN_OBJC_ROOT_CLASS = YES_ERROR;
				CLANG_WARN_QUOTED_INCLUDE_IN_FRAMEWORK_HEADER = YES;
				CLANG_WARN_RANGE_LOOP_ANALYSIS = YES;
				CLANG_WARN_STRICT_PROTOTYPES = YES;
				CLANG_WARN_SUSPICIOUS_MOVE = YES;
				CLANG_WARN_UNGUARDED_AVAILABILITY = YES_AGGRESSIVE;
				CLANG_WARN_UNREACHABLE_CODE = YES;
				CLANG_WARN__DUPLICATE_METHOD_MATCH = YES;
				COPY_PHASE_STRIP = NO;
				DEBUG_INFORMATION_FORMAT = "dwarf-with-dsym";
				ENABLE_NS_ASSERTIONS = NO;
				ENABLE_STRICT_OBJC_MSGSEND = YES;
				GCC_C_LANGUAGE_STANDARD = gnu11;
				GCC_NO_COMMON_BLOCKS = YES;
				GCC_WARN_64_TO_32_BIT_CONVERSION = YES;
				GCC_WARN_ABOUT_RETURN_TYPE = YES_ERROR;
				GCC_WARN_UNDECLARED_SELECTOR = YES;
				GCC_WARN_UNINITIALIZED_AUTOS = YES_AGGRESSIVE;
				GCC_WARN_UNUSED_FUNCTION = YES;
				GCC_WARN_UNUSED_VARIABLE = YES;
				IPHONEOS_DEPLOYMENT_TARGET = 14.0;
				MTL_ENABLE_DEBUG_INFO = NO;
				MTL_FAST_MATH = YES;
				SDKROOT = iphoneos;
				SWIFT_COMPILATION_MODE = wholemodule;
				SWIFT_OPTIMIZATION_LEVEL = "-O";
				VALIDATE_PRODUCT = YES;
			};
			name = Release;
		};
		37D54C182AF641E600A0DA18 /* Debug */ = {
			isa = XCBuildConfiguration;
			buildSettings = {
				ASSETCATALOG_COMPILER_APPICON_NAME = AppIcon;
				ASSETCATALOG_COMPILER_GLOBAL_ACCENT_COLOR_NAME = AccentColor;
				CODE_SIGN_STYLE = Automatic;
				CURRENT_PROJECT_VERSION = 1;
				DEVELOPMENT_TEAM = YT7499CZXL;
				GENERATE_INFOPLIST_FILE = YES;
				INFOPLIST_FILE = "Setting iOS/Info.plist";
				INFOPLIST_KEY_UIApplicationSupportsIndirectInputEvents = YES;
				INFOPLIST_KEY_UILaunchStoryboardName = LaunchScreen;
				INFOPLIST_KEY_UIMainStoryboardFile = Main;
				INFOPLIST_KEY_UISupportedInterfaceOrientations_iPad = "UIInterfaceOrientationPortrait UIInterfaceOrientationPortraitUpsideDown UIInterfaceOrientationLandscapeLeft UIInterfaceOrientationLandscapeRight";
				INFOPLIST_KEY_UISupportedInterfaceOrientations_iPhone = "UIInterfaceOrientationPortrait UIInterfaceOrientationLandscapeLeft UIInterfaceOrientationLandscapeRight";
				LD_RUNPATH_SEARCH_PATHS = (
					"$(inherited)",
					"@executable_path/Frameworks",
				);
				MARKETING_VERSION = 1.0;
				PRODUCT_BUNDLE_IDENTIFIER = "nurka.Setting-iOS";
				PRODUCT_NAME = "$(TARGET_NAME)";
				SWIFT_EMIT_LOC_STRINGS = YES;
				SWIFT_VERSION = 5.0;
				TARGETED_DEVICE_FAMILY = "1,2";
			};
			name = Debug;
		};
		37D54C192AF641E600A0DA18 /* Release */ = {
			isa = XCBuildConfiguration;
			buildSettings = {
				ASSETCATALOG_COMPILER_APPICON_NAME = AppIcon;
				ASSETCATALOG_COMPILER_GLOBAL_ACCENT_COLOR_NAME = AccentColor;
				CODE_SIGN_STYLE = Automatic;
				CURRENT_PROJECT_VERSION = 1;
				DEVELOPMENT_TEAM = YT7499CZXL;
				GENERATE_INFOPLIST_FILE = YES;
				INFOPLIST_FILE = "Setting iOS/Info.plist";
				INFOPLIST_KEY_UIApplicationSupportsIndirectInputEvents = YES;
				INFOPLIST_KEY_UILaunchStoryboardName = LaunchScreen;
				INFOPLIST_KEY_UIMainStoryboardFile = Main;
				INFOPLIST_KEY_UISupportedInterfaceOrientations_iPad = "UIInterfaceOrientationPortrait UIInterfaceOrientationPortraitUpsideDown UIInterfaceOrientationLandscapeLeft UIInterfaceOrientationLandscapeRight";
				INFOPLIST_KEY_UISupportedInterfaceOrientations_iPhone = "UIInterfaceOrientationPortrait UIInterfaceOrientationLandscapeLeft UIInterfaceOrientationLandscapeRight";
				LD_RUNPATH_SEARCH_PATHS = (
					"$(inherited)",
					"@executable_path/Frameworks",
				);
				MARKETING_VERSION = 1.0;
				PRODUCT_BUNDLE_IDENTIFIER = "nurka.Setting-iOS";
				PRODUCT_NAME = "$(TARGET_NAME)";
				SWIFT_EMIT_LOC_STRINGS = YES;
				SWIFT_VERSION = 5.0;
				TARGETED_DEVICE_FAMILY = "1,2";
			};
			name = Release;
		};
/* End XCBuildConfiguration section */

/* Begin XCConfigurationList section */
		37D54BFE2AF641E500A0DA18 /* Build configuration list for PBXProject "Setting iOS" */ = {
			isa = XCConfigurationList;
			buildConfigurations = (
				37D54C152AF641E600A0DA18 /* Debug */,
				37D54C162AF641E600A0DA18 /* Release */,
			);
			defaultConfigurationIsVisible = 0;
			defaultConfigurationName = Release;
		};
		37D54C172AF641E600A0DA18 /* Build configuration list for PBXNativeTarget "Setting iOS" */ = {
			isa = XCConfigurationList;
			buildConfigurations = (
				37D54C182AF641E600A0DA18 /* Debug */,
				37D54C192AF641E600A0DA18 /* Release */,
			);
			defaultConfigurationIsVisible = 0;
			defaultConfigurationName = Release;
		};
/* End XCConfigurationList section */

/* Begin XCRemoteSwiftPackageReference section */
		37D54C1C2AF6448E00A0DA18 /* XCRemoteSwiftPackageReference "SnapKit" */ = {
			isa = XCRemoteSwiftPackageReference;
			repositoryURL = "https://github.com/SnapKit/SnapKit.git";
			requirement = {
				branch = develop;
				kind = branch;
			};
		};
/* End XCRemoteSwiftPackageReference section */

/* Begin XCSwiftPackageProductDependency section */
		37D54C1D2AF6448E00A0DA18 /* SnapKit */ = {
			isa = XCSwiftPackageProductDependency;
			package = 37D54C1C2AF6448E00A0DA18 /* XCRemoteSwiftPackageReference "SnapKit" */;
			productName = SnapKit;
		};
/* End XCSwiftPackageProductDependency section */
	};
	rootObject = 37D54BFB2AF641E500A0DA18 /* Project object */;
}
